// !$*UTF8*$!
{
	archiveVersion = 1;
	classes = {
	};
	objectVersion = 56;
	objects = {

/* Begin PBXBuildFile section */
		E41883FC2CC2369B00CBCBDB /* TitledView.swift in Sources */ = {isa = PBXBuildFile; fileRef = E41883FB2CC2369B00CBCBDB /* TitledView.swift */; };
		E41883FE2CC25A6000CBCBDB /* RefreshableScrollView.swift in Sources */ = {isa = PBXBuildFile; fileRef = E41883FD2CC25A6000CBCBDB /* RefreshableScrollView.swift */; };
		E41884002CC6273A00CBCBDB /* CharacterMainViewModel.swift in Sources */ = {isa = PBXBuildFile; fileRef = E41883FF2CC6273A00CBCBDB /* CharacterMainViewModel.swift */; };
		E41884032CC6277E00CBCBDB /* CharacterMainScreenState.swift in Sources */ = {isa = PBXBuildFile; fileRef = E41884022CC6277E00CBCBDB /* CharacterMainScreenState.swift */; };
		E48A30D42CAA744200B839BF /* RickAndMortyAPIApp.swift in Sources */ = {isa = PBXBuildFile; fileRef = E48A30D32CAA744200B839BF /* RickAndMortyAPIApp.swift */; };
		E48A30D82CAA744400B839BF /* Assets.xcassets in Resources */ = {isa = PBXBuildFile; fileRef = E48A30D72CAA744400B839BF /* Assets.xcassets */; };
		E48A30DB2CAA744400B839BF /* Preview Assets.xcassets in Resources */ = {isa = PBXBuildFile; fileRef = E48A30DA2CAA744400B839BF /* Preview Assets.xcassets */; };
		E48A30ED2CAB762200B839BF /* CharacterListResponse.swift in Sources */ = {isa = PBXBuildFile; fileRef = E48A30EC2CAB762200B839BF /* CharacterListResponse.swift */; };
		E48A30EF2CAB77D500B839BF /* CharacterListViewModel.swift in Sources */ = {isa = PBXBuildFile; fileRef = E48A30EE2CAB77D500B839BF /* CharacterListViewModel.swift */; };
		E48A30F22CAB80DD00B839BF /* RickAndMortyInteractor.swift in Sources */ = {isa = PBXBuildFile; fileRef = E48A30F12CAB80DD00B839BF /* RickAndMortyInteractor.swift */; };
		E48A30F52CAB811D00B839BF /* CharacterList.swift in Sources */ = {isa = PBXBuildFile; fileRef = E48A30F42CAB811D00B839BF /* CharacterList.swift */; };
		E48A30F72CAB81E200B839BF /* RickAndMortyRepository.swift in Sources */ = {isa = PBXBuildFile; fileRef = E48A30F62CAB81E200B839BF /* RickAndMortyRepository.swift */; };
		E48A30F92CAB82EF00B839BF /* RickAndMortyApi.swift in Sources */ = {isa = PBXBuildFile; fileRef = E48A30F82CAB82EF00B839BF /* RickAndMortyApi.swift */; };
		E48A30FB2CAB8AA900B839BF /* FailureError.swift in Sources */ = {isa = PBXBuildFile; fileRef = E48A30FA2CAB8AA900B839BF /* FailureError.swift */; };
		E48A30FD2CABA8BC00B839BF /* HttpClient.swift in Sources */ = {isa = PBXBuildFile; fileRef = E48A30FC2CABA8BC00B839BF /* HttpClient.swift */; };
		E48A30FF2CABB73500B839BF /* ViewModel.swift in Sources */ = {isa = PBXBuildFile; fileRef = E48A30FE2CABB73500B839BF /* ViewModel.swift */; };
		E48A31052CACC7F100B839BF /* Extensions.swift in Sources */ = {isa = PBXBuildFile; fileRef = E48A31042CACC7F100B839BF /* Extensions.swift */; };
		E48A31072CACC8C900B839BF /* CharacterListScreen.swift in Sources */ = {isa = PBXBuildFile; fileRef = E48A31062CACC8C900B839BF /* CharacterListScreen.swift */; };
		E48A310A2CACC99A00B839BF /* AppView.swift in Sources */ = {isa = PBXBuildFile; fileRef = E48A31092CACC99A00B839BF /* AppView.swift */; };
		E48A310D2CACDAC800B839BF /* ErrorAlert.swift in Sources */ = {isa = PBXBuildFile; fileRef = E48A310C2CACDAC800B839BF /* ErrorAlert.swift */; };
		E48A31112CAD249B00B839BF /* CharacterListScreenState.swift in Sources */ = {isa = PBXBuildFile; fileRef = E48A31102CAD249B00B839BF /* CharacterListScreenState.swift */; };
		E48A31132CAD24E200B839BF /* ViewState.swift in Sources */ = {isa = PBXBuildFile; fileRef = E48A31122CAD24E200B839BF /* ViewState.swift */; };
		E48A31172CAE3BEB00B839BF /* CharacterInfoItemView.swift in Sources */ = {isa = PBXBuildFile; fileRef = E48A31162CAE3BEB00B839BF /* CharacterInfoItemView.swift */; };
		E48A311A2CAF89F400B839BF /* Colors.swift in Sources */ = {isa = PBXBuildFile; fileRef = E48A31192CAF89F400B839BF /* Colors.swift */; };
		E4A2C9742CB8C24F00C7D29A /* NeedleFoundation in Frameworks */ = {isa = PBXBuildFile; productRef = E4A2C9732CB8C24F00C7D29A /* NeedleFoundation */; };
		E4A2C9792CB8C2E100C7D29A /* RootComponent.swift in Sources */ = {isa = PBXBuildFile; fileRef = E4A2C9782CB8C2E100C7D29A /* RootComponent.swift */; };
		E4A2C97C2CB8C4FE00C7D29A /* NeedleGenerated.swift in Sources */ = {isa = PBXBuildFile; fileRef = E4A2C97B2CB8C4FE00C7D29A /* NeedleGenerated.swift */; };
		E4A2C97E2CB8C6EB00C7D29A /* UiComponent.swift in Sources */ = {isa = PBXBuildFile; fileRef = E4A2C97D2CB8C6EB00C7D29A /* UiComponent.swift */; };
		E4A2C9802CB8C6F800C7D29A /* DomainComponent.swift in Sources */ = {isa = PBXBuildFile; fileRef = E4A2C97F2CB8C6F800C7D29A /* DomainComponent.swift */; };
		E4A2C9822CB8CA4700C7D29A /* DataComponent.swift in Sources */ = {isa = PBXBuildFile; fileRef = E4A2C9812CB8CA4700C7D29A /* DataComponent.swift */; };
		E4A2C9842CB8EB8200C7D29A /* CharacterDetail.swift in Sources */ = {isa = PBXBuildFile; fileRef = E4A2C9832CB8EB8200C7D29A /* CharacterDetail.swift */; };
		E4A2C9892CBDED3300C7D29A /* CharacterMainScreen.swift in Sources */ = {isa = PBXBuildFile; fileRef = E4A2C9882CBDED3300C7D29A /* CharacterMainScreen.swift */; };
		E4AF3ABD2CBF40C6009C2998 /* MatchedGeometryEffectIfNotNil.swift in Sources */ = {isa = PBXBuildFile; fileRef = E4AF3ABC2CBF40C6009C2998 /* MatchedGeometryEffectIfNotNil.swift */; };
		E4AF3AC12CBF95F9009C2998 /* CharacterDetailUI.swift in Sources */ = {isa = PBXBuildFile; fileRef = E4AF3AC02CBF95F9009C2998 /* CharacterDetailUI.swift */; };
		E4AF3AC42CBF9901009C2998 /* CharacterDetailUIExtensions.swift in Sources */ = {isa = PBXBuildFile; fileRef = E4AF3AC32CBF9901009C2998 /* CharacterDetailUIExtensions.swift */; };
		E4AF3AC62CBF995E009C2998 /* CharacterDetailUISamples.swift in Sources */ = {isa = PBXBuildFile; fileRef = E4AF3AC52CBF995E009C2998 /* CharacterDetailUISamples.swift */; };
		E4AF3AC82CBF998E009C2998 /* CharacterDetailUIConverters.swift in Sources */ = {isa = PBXBuildFile; fileRef = E4AF3AC72CBF998E009C2998 /* CharacterDetailUIConverters.swift */; };
		E4AF3ACA2CBFA77C009C2998 /* CharacterListUI.swift in Sources */ = {isa = PBXBuildFile; fileRef = E4AF3AC92CBFA77C009C2998 /* CharacterListUI.swift */; };
		E4AF3ACD2CC0A5DF009C2998 /* CharacterAvatarView.swift in Sources */ = {isa = PBXBuildFile; fileRef = E4AF3ACC2CC0A5DF009C2998 /* CharacterAvatarView.swift */; };
		E4D269CA2CAFA08E00EACE69 /* Dimensions.swift in Sources */ = {isa = PBXBuildFile; fileRef = E4D269C92CAFA08D00EACE69 /* Dimensions.swift */; };
		E4D269CD2CB3762100EACE69 /* LoggerExtension.swift in Sources */ = {isa = PBXBuildFile; fileRef = E4D269CC2CB3762100EACE69 /* LoggerExtension.swift */; };
		E4D269D02CB3C39800EACE69 /* PagingScrollView.swift in Sources */ = {isa = PBXBuildFile; fileRef = E4D269CF2CB3C39800EACE69 /* PagingScrollView.swift */; };
		E4D269D32CB5194D00EACE69 /* CharacterDetailScreen.swift in Sources */ = {isa = PBXBuildFile; fileRef = E4D269D22CB5194D00EACE69 /* CharacterDetailScreen.swift */; };
		E4D269D62CB51F0100EACE69 /* Router.swift in Sources */ = {isa = PBXBuildFile; fileRef = E4D269D52CB51F0100EACE69 /* Router.swift */; };
		E4D269D82CB51F7500EACE69 /* Destination.swift in Sources */ = {isa = PBXBuildFile; fileRef = E4D269D72CB51F7500EACE69 /* Destination.swift */; };
		E4D269DA2CB60C5C00EACE69 /* CharacterDetailViewModel.swift in Sources */ = {isa = PBXBuildFile; fileRef = E4D269D92CB60C5C00EACE69 /* CharacterDetailViewModel.swift */; };
		E4D269DC2CB60C8000EACE69 /* CharacterDetailViewState.swift in Sources */ = {isa = PBXBuildFile; fileRef = E4D269DB2CB60C8000EACE69 /* CharacterDetailViewState.swift */; };
/* End PBXBuildFile section */

/* Begin PBXFileReference section */
		E41883FB2CC2369B00CBCBDB /* TitledView.swift */ = {isa = PBXFileReference; lastKnownFileType = sourcecode.swift; path = TitledView.swift; sourceTree = "<group>"; };
		E41883FD2CC25A6000CBCBDB /* RefreshableScrollView.swift */ = {isa = PBXFileReference; lastKnownFileType = sourcecode.swift; path = RefreshableScrollView.swift; sourceTree = "<group>"; };
		E41883FF2CC6273A00CBCBDB /* CharacterMainViewModel.swift */ = {isa = PBXFileReference; lastKnownFileType = sourcecode.swift; path = CharacterMainViewModel.swift; sourceTree = "<group>"; };
		E41884022CC6277E00CBCBDB /* CharacterMainScreenState.swift */ = {isa = PBXFileReference; lastKnownFileType = sourcecode.swift; path = CharacterMainScreenState.swift; sourceTree = "<group>"; };
		E48A30D02CAA744200B839BF /* RickAndMortyAPI.app */ = {isa = PBXFileReference; explicitFileType = wrapper.application; includeInIndex = 0; path = RickAndMortyAPI.app; sourceTree = BUILT_PRODUCTS_DIR; };
		E48A30D32CAA744200B839BF /* RickAndMortyAPIApp.swift */ = {isa = PBXFileReference; lastKnownFileType = sourcecode.swift; path = RickAndMortyAPIApp.swift; sourceTree = "<group>"; };
		E48A30D72CAA744400B839BF /* Assets.xcassets */ = {isa = PBXFileReference; lastKnownFileType = folder.assetcatalog; path = Assets.xcassets; sourceTree = "<group>"; };
		E48A30DA2CAA744400B839BF /* Preview Assets.xcassets */ = {isa = PBXFileReference; lastKnownFileType = folder.assetcatalog; path = "Preview Assets.xcassets"; sourceTree = "<group>"; };
		E48A30EC2CAB762200B839BF /* CharacterListResponse.swift */ = {isa = PBXFileReference; lastKnownFileType = sourcecode.swift; path = CharacterListResponse.swift; sourceTree = "<group>"; };
		E48A30EE2CAB77D500B839BF /* CharacterListViewModel.swift */ = {isa = PBXFileReference; lastKnownFileType = sourcecode.swift; path = CharacterListViewModel.swift; sourceTree = "<group>"; };
		E48A30F12CAB80DD00B839BF /* RickAndMortyInteractor.swift */ = {isa = PBXFileReference; lastKnownFileType = sourcecode.swift; path = RickAndMortyInteractor.swift; sourceTree = "<group>"; };
		E48A30F42CAB811D00B839BF /* CharacterList.swift */ = {isa = PBXFileReference; lastKnownFileType = sourcecode.swift; path = CharacterList.swift; sourceTree = "<group>"; };
		E48A30F62CAB81E200B839BF /* RickAndMortyRepository.swift */ = {isa = PBXFileReference; lastKnownFileType = sourcecode.swift; path = RickAndMortyRepository.swift; sourceTree = "<group>"; };
		E48A30F82CAB82EF00B839BF /* RickAndMortyApi.swift */ = {isa = PBXFileReference; lastKnownFileType = sourcecode.swift; path = RickAndMortyApi.swift; sourceTree = "<group>"; };
		E48A30FA2CAB8AA900B839BF /* FailureError.swift */ = {isa = PBXFileReference; lastKnownFileType = sourcecode.swift; path = FailureError.swift; sourceTree = "<group>"; };
		E48A30FC2CABA8BC00B839BF /* HttpClient.swift */ = {isa = PBXFileReference; lastKnownFileType = sourcecode.swift; path = HttpClient.swift; sourceTree = "<group>"; };
		E48A30FE2CABB73500B839BF /* ViewModel.swift */ = {isa = PBXFileReference; lastKnownFileType = sourcecode.swift; path = ViewModel.swift; sourceTree = "<group>"; };
		E48A31042CACC7F100B839BF /* Extensions.swift */ = {isa = PBXFileReference; lastKnownFileType = sourcecode.swift; path = Extensions.swift; sourceTree = "<group>"; };
		E48A31062CACC8C900B839BF /* CharacterListScreen.swift */ = {isa = PBXFileReference; lastKnownFileType = sourcecode.swift; path = CharacterListScreen.swift; sourceTree = "<group>"; };
		E48A31092CACC99A00B839BF /* AppView.swift */ = {isa = PBXFileReference; lastKnownFileType = sourcecode.swift; path = AppView.swift; sourceTree = "<group>"; };
		E48A310C2CACDAC800B839BF /* ErrorAlert.swift */ = {isa = PBXFileReference; lastKnownFileType = sourcecode.swift; path = ErrorAlert.swift; sourceTree = "<group>"; };
		E48A31102CAD249B00B839BF /* CharacterListScreenState.swift */ = {isa = PBXFileReference; lastKnownFileType = sourcecode.swift; path = CharacterListScreenState.swift; sourceTree = "<group>"; };
		E48A31122CAD24E200B839BF /* ViewState.swift */ = {isa = PBXFileReference; lastKnownFileType = sourcecode.swift; path = ViewState.swift; sourceTree = "<group>"; };
		E48A31162CAE3BEB00B839BF /* CharacterInfoItemView.swift */ = {isa = PBXFileReference; lastKnownFileType = sourcecode.swift; path = CharacterInfoItemView.swift; sourceTree = "<group>"; };
		E48A31192CAF89F400B839BF /* Colors.swift */ = {isa = PBXFileReference; lastKnownFileType = sourcecode.swift; path = Colors.swift; sourceTree = "<group>"; };
		E4A2C9782CB8C2E100C7D29A /* RootComponent.swift */ = {isa = PBXFileReference; lastKnownFileType = sourcecode.swift; path = RootComponent.swift; sourceTree = "<group>"; };
		E4A2C97B2CB8C4FE00C7D29A /* NeedleGenerated.swift */ = {isa = PBXFileReference; fileEncoding = 4; lastKnownFileType = sourcecode.swift; path = NeedleGenerated.swift; sourceTree = "<group>"; };
		E4A2C97D2CB8C6EB00C7D29A /* UiComponent.swift */ = {isa = PBXFileReference; lastKnownFileType = sourcecode.swift; path = UiComponent.swift; sourceTree = "<group>"; };
		E4A2C97F2CB8C6F800C7D29A /* DomainComponent.swift */ = {isa = PBXFileReference; lastKnownFileType = sourcecode.swift; path = DomainComponent.swift; sourceTree = "<group>"; };
		E4A2C9812CB8CA4700C7D29A /* DataComponent.swift */ = {isa = PBXFileReference; lastKnownFileType = sourcecode.swift; path = DataComponent.swift; sourceTree = "<group>"; };
		E4A2C9832CB8EB8200C7D29A /* CharacterDetail.swift */ = {isa = PBXFileReference; lastKnownFileType = sourcecode.swift; path = CharacterDetail.swift; sourceTree = "<group>"; };
		E4A2C9882CBDED3300C7D29A /* CharacterMainScreen.swift */ = {isa = PBXFileReference; lastKnownFileType = sourcecode.swift; path = CharacterMainScreen.swift; sourceTree = "<group>"; };
		E4AF3ABC2CBF40C6009C2998 /* MatchedGeometryEffectIfNotNil.swift */ = {isa = PBXFileReference; lastKnownFileType = sourcecode.swift; path = MatchedGeometryEffectIfNotNil.swift; sourceTree = "<group>"; };
		E4AF3AC02CBF95F9009C2998 /* CharacterDetailUI.swift */ = {isa = PBXFileReference; lastKnownFileType = sourcecode.swift; path = CharacterDetailUI.swift; sourceTree = "<group>"; };
		E4AF3AC32CBF9901009C2998 /* CharacterDetailUIExtensions.swift */ = {isa = PBXFileReference; lastKnownFileType = sourcecode.swift; path = CharacterDetailUIExtensions.swift; sourceTree = "<group>"; };
		E4AF3AC52CBF995E009C2998 /* CharacterDetailUISamples.swift */ = {isa = PBXFileReference; lastKnownFileType = sourcecode.swift; path = CharacterDetailUISamples.swift; sourceTree = "<group>"; };
		E4AF3AC72CBF998E009C2998 /* CharacterDetailUIConverters.swift */ = {isa = PBXFileReference; lastKnownFileType = sourcecode.swift; path = CharacterDetailUIConverters.swift; sourceTree = "<group>"; };
		E4AF3AC92CBFA77C009C2998 /* CharacterListUI.swift */ = {isa = PBXFileReference; lastKnownFileType = sourcecode.swift; path = CharacterListUI.swift; sourceTree = "<group>"; };
		E4AF3ACC2CC0A5DF009C2998 /* CharacterAvatarView.swift */ = {isa = PBXFileReference; lastKnownFileType = sourcecode.swift; path = CharacterAvatarView.swift; sourceTree = "<group>"; };
		E4D269C92CAFA08D00EACE69 /* Dimensions.swift */ = {isa = PBXFileReference; lastKnownFileType = sourcecode.swift; path = Dimensions.swift; sourceTree = "<group>"; };
		E4D269CC2CB3762100EACE69 /* LoggerExtension.swift */ = {isa = PBXFileReference; lastKnownFileType = sourcecode.swift; path = LoggerExtension.swift; sourceTree = "<group>"; };
		E4D269CF2CB3C39800EACE69 /* PagingScrollView.swift */ = {isa = PBXFileReference; lastKnownFileType = sourcecode.swift; path = PagingScrollView.swift; sourceTree = "<group>"; };
		E4D269D22CB5194D00EACE69 /* CharacterDetailScreen.swift */ = {isa = PBXFileReference; lastKnownFileType = sourcecode.swift; path = CharacterDetailScreen.swift; sourceTree = "<group>"; };
		E4D269D52CB51F0100EACE69 /* Router.swift */ = {isa = PBXFileReference; lastKnownFileType = sourcecode.swift; path = Router.swift; sourceTree = "<group>"; };
		E4D269D72CB51F7500EACE69 /* Destination.swift */ = {isa = PBXFileReference; lastKnownFileType = sourcecode.swift; path = Destination.swift; sourceTree = "<group>"; };
		E4D269D92CB60C5C00EACE69 /* CharacterDetailViewModel.swift */ = {isa = PBXFileReference; lastKnownFileType = sourcecode.swift; path = CharacterDetailViewModel.swift; sourceTree = "<group>"; };
		E4D269DB2CB60C8000EACE69 /* CharacterDetailViewState.swift */ = {isa = PBXFileReference; lastKnownFileType = sourcecode.swift; path = CharacterDetailViewState.swift; sourceTree = "<group>"; };
/* End PBXFileReference section */

/* Begin PBXFrameworksBuildPhase section */
		E48A30CD2CAA744200B839BF /* Frameworks */ = {
			isa = PBXFrameworksBuildPhase;
			buildActionMask = 2147483647;
			files = (
				E4A2C9742CB8C24F00C7D29A /* NeedleFoundation in Frameworks */,
			);
			runOnlyForDeploymentPostprocessing = 0;
		};
/* End PBXFrameworksBuildPhase section */

/* Begin PBXGroup section */
		E48A30C72CAA744200B839BF = {
			isa = PBXGroup;
			children = (
				E48A30D22CAA744200B839BF /* RickAndMortyAPI */,
				E48A30D12CAA744200B839BF /* Products */,
			);
			sourceTree = "<group>";
		};
		E48A30D12CAA744200B839BF /* Products */ = {
			isa = PBXGroup;
			children = (
				E48A30D02CAA744200B839BF /* RickAndMortyAPI.app */,
			);
			name = Products;
			sourceTree = "<group>";
		};
		E48A30D22CAA744200B839BF /* RickAndMortyAPI */ = {
			isa = PBXGroup;
			children = (
				E48A30E42CAA761F00B839BF /* data */,
				E48A30E32CAA761700B839BF /* domain */,
				E48A30E12CAA760300B839BF /* ui */,
				E48A30D32CAA744200B839BF /* RickAndMortyAPIApp.swift */,
				E48A30D72CAA744400B839BF /* Assets.xcassets */,
				E48A30D92CAA744400B839BF /* Preview Content */,
			);
			path = RickAndMortyAPI;
			sourceTree = "<group>";
		};
		E48A30D92CAA744400B839BF /* Preview Content */ = {
			isa = PBXGroup;
			children = (
				E48A30DA2CAA744400B839BF /* Preview Assets.xcassets */,
			);
			path = "Preview Content";
			sourceTree = "<group>";
		};
		E48A30E12CAA760300B839BF /* ui */ = {
			isa = PBXGroup;
			children = (
				E4AF3ABF2CBF95E0009C2998 /* models */,
				E4A2C9752CB8C2BE00C7D29A /* di */,
				E4D269D42CB51EF200EACE69 /* navigation */,
				E4D269CE2CB3BF9D00EACE69 /* views */,
				E48A31182CAF89DC00B839BF /* theme */,
				E48A310E2CAD237E00B839BF /* screens */,
				E48A310B2CACDAA600B839BF /* modifiers */,
				E48A31082CACC97500B839BF /* base */,
				E48A31032CACC7E400B839BF /* utils */,
			);
			path = ui;
			sourceTree = "<group>";
		};
		E48A30E32CAA761700B839BF /* domain */ = {
			isa = PBXGroup;
			children = (
				E4D269CB2CB3756B00EACE69 /* utils */,
				E48A30F32CAB810500B839BF /* models */,
				E48A30F02CAB80C200B839BF /* core */,
			);
			path = domain;
			sourceTree = "<group>";
		};
		E48A30E42CAA761F00B839BF /* data */ = {
			isa = PBXGroup;
			children = (
				E48A30E92CAA984500B839BF /* repositories */,
				E48A30E62CAA937E00B839BF /* api */,
			);
			path = data;
			sourceTree = "<group>";
		};
		E48A30E62CAA937E00B839BF /* api */ = {
			isa = PBXGroup;
			children = (
				E48A30EB2CAB75E300B839BF /* models */,
				E48A30F82CAB82EF00B839BF /* RickAndMortyApi.swift */,
				E48A30FC2CABA8BC00B839BF /* HttpClient.swift */,
			);
			path = api;
			sourceTree = "<group>";
		};
		E48A30E92CAA984500B839BF /* repositories */ = {
			isa = PBXGroup;
			children = (
				E48A30F62CAB81E200B839BF /* RickAndMortyRepository.swift */,
			);
			path = repositories;
			sourceTree = "<group>";
		};
		E48A30EB2CAB75E300B839BF /* models */ = {
			isa = PBXGroup;
			children = (
				E48A30EC2CAB762200B839BF /* CharacterListResponse.swift */,
			);
			path = models;
			sourceTree = "<group>";
		};
		E48A30F02CAB80C200B839BF /* core */ = {
			isa = PBXGroup;
			children = (
				E48A30F12CAB80DD00B839BF /* RickAndMortyInteractor.swift */,
			);
			path = core;
			sourceTree = "<group>";
		};
		E48A30F32CAB810500B839BF /* models */ = {
			isa = PBXGroup;
			children = (
				E48A30F42CAB811D00B839BF /* CharacterList.swift */,
				E48A30FA2CAB8AA900B839BF /* FailureError.swift */,
				E4A2C9832CB8EB8200C7D29A /* CharacterDetail.swift */,
			);
			path = models;
			sourceTree = "<group>";
		};
		E48A31032CACC7E400B839BF /* utils */ = {
			isa = PBXGroup;
			children = (
				E48A31042CACC7F100B839BF /* Extensions.swift */,
			);
			path = utils;
			sourceTree = "<group>";
		};
		E48A31082CACC97500B839BF /* base */ = {
			isa = PBXGroup;
			children = (
				E48A30FE2CABB73500B839BF /* ViewModel.swift */,
				E48A31092CACC99A00B839BF /* AppView.swift */,
				E48A31122CAD24E200B839BF /* ViewState.swift */,
			);
			path = base;
			sourceTree = "<group>";
		};
		E48A310B2CACDAA600B839BF /* modifiers */ = {
			isa = PBXGroup;
			children = (
				E48A310C2CACDAC800B839BF /* ErrorAlert.swift */,
				E4AF3ABC2CBF40C6009C2998 /* MatchedGeometryEffectIfNotNil.swift */,
				E41883FB2CC2369B00CBCBDB /* TitledView.swift */,
			);
			path = modifiers;
			sourceTree = "<group>";
		};
		E48A310E2CAD237E00B839BF /* screens */ = {
			isa = PBXGroup;
			children = (
				E4AF3ABE2CBF9446009C2998 /* character */,
			);
			path = screens;
			sourceTree = "<group>";
		};
		E48A310F2CAD238600B839BF /* list */ = {
			isa = PBXGroup;
			children = (
				E48A31162CAE3BEB00B839BF /* CharacterInfoItemView.swift */,
				E48A30EE2CAB77D500B839BF /* CharacterListViewModel.swift */,
				E48A31062CACC8C900B839BF /* CharacterListScreen.swift */,
				E48A31102CAD249B00B839BF /* CharacterListScreenState.swift */,
			);
			path = list;
			sourceTree = "<group>";
		};
		E48A31182CAF89DC00B839BF /* theme */ = {
			isa = PBXGroup;
			children = (
				E48A31192CAF89F400B839BF /* Colors.swift */,
				E4D269C92CAFA08D00EACE69 /* Dimensions.swift */,
			);
			path = theme;
			sourceTree = "<group>";
		};
		E4A2C9752CB8C2BE00C7D29A /* di */ = {
			isa = PBXGroup;
			children = (
				E4A2C9772CB8C2C900C7D29A /* generated */,
				E4A2C9762CB8C2C300C7D29A /* components */,
			);
			path = di;
			sourceTree = "<group>";
		};
		E4A2C9762CB8C2C300C7D29A /* components */ = {
			isa = PBXGroup;
			children = (
				E4A2C9782CB8C2E100C7D29A /* RootComponent.swift */,
				E4A2C97D2CB8C6EB00C7D29A /* UiComponent.swift */,
				E4A2C97F2CB8C6F800C7D29A /* DomainComponent.swift */,
				E4A2C9812CB8CA4700C7D29A /* DataComponent.swift */,
			);
			path = components;
			sourceTree = "<group>";
		};
		E4A2C9772CB8C2C900C7D29A /* generated */ = {
			isa = PBXGroup;
			children = (
				E4A2C97B2CB8C4FE00C7D29A /* NeedleGenerated.swift */,
			);
			path = generated;
			sourceTree = "<group>";
		};
		E4A2C9872CBDED1800C7D29A /* main */ = {
			isa = PBXGroup;
			children = (
				E4A2C9882CBDED3300C7D29A /* CharacterMainScreen.swift */,
				E41883FF2CC6273A00CBCBDB /* CharacterMainViewModel.swift */,
				E41884022CC6277E00CBCBDB /* CharacterMainScreenState.swift */,
			);
			path = main;
			sourceTree = "<group>";
		};
		E4AF3ABE2CBF9446009C2998 /* character */ = {
			isa = PBXGroup;
			children = (
				E4AF3ACB2CC0A5CF009C2998 /* views */,
				E48A310F2CAD238600B839BF /* list */,
				E4D269D12CB5193600EACE69 /* detail */,
				E4A2C9872CBDED1800C7D29A /* main */,
			);
			path = character;
			sourceTree = "<group>";
		};
		E4AF3ABF2CBF95E0009C2998 /* models */ = {
			isa = PBXGroup;
			children = (
				E4AF3AC22CBF98E0009C2998 /* character */,
			);
			path = models;
			sourceTree = "<group>";
		};
		E4AF3AC22CBF98E0009C2998 /* character */ = {
			isa = PBXGroup;
			children = (
				E4AF3AC02CBF95F9009C2998 /* CharacterDetailUI.swift */,
				E4AF3AC32CBF9901009C2998 /* CharacterDetailUIExtensions.swift */,
				E4AF3AC52CBF995E009C2998 /* CharacterDetailUISamples.swift */,
				E4AF3AC72CBF998E009C2998 /* CharacterDetailUIConverters.swift */,
				E4AF3AC92CBFA77C009C2998 /* CharacterListUI.swift */,
			);
			path = character;
			sourceTree = "<group>";
		};
		E4AF3ACB2CC0A5CF009C2998 /* views */ = {
			isa = PBXGroup;
			children = (
				E4AF3ACC2CC0A5DF009C2998 /* CharacterAvatarView.swift */,
			);
			path = views;
			sourceTree = "<group>";
		};
		E4D269CB2CB3756B00EACE69 /* utils */ = {
			isa = PBXGroup;
			children = (
				E4D269CC2CB3762100EACE69 /* LoggerExtension.swift */,
			);
			path = utils;
			sourceTree = "<group>";
		};
		E4D269CE2CB3BF9D00EACE69 /* views */ = {
			isa = PBXGroup;
			children = (
				E4D269CF2CB3C39800EACE69 /* PagingScrollView.swift */,
				E41883FD2CC25A6000CBCBDB /* RefreshableScrollView.swift */,
			);
			path = views;
			sourceTree = "<group>";
		};
		E4D269D12CB5193600EACE69 /* detail */ = {
			isa = PBXGroup;
			children = (
				E4D269D22CB5194D00EACE69 /* CharacterDetailScreen.swift */,
				E4D269D92CB60C5C00EACE69 /* CharacterDetailViewModel.swift */,
				E4D269DB2CB60C8000EACE69 /* CharacterDetailViewState.swift */,
			);
			path = detail;
			sourceTree = "<group>";
		};
		E4D269D42CB51EF200EACE69 /* navigation */ = {
			isa = PBXGroup;
			children = (
				E4D269D52CB51F0100EACE69 /* Router.swift */,
				E4D269D72CB51F7500EACE69 /* Destination.swift */,
			);
			path = navigation;
			sourceTree = "<group>";
		};
/* End PBXGroup section */

/* Begin PBXNativeTarget section */
		E48A30CF2CAA744200B839BF /* RickAndMortyAPI */ = {
			isa = PBXNativeTarget;
			buildConfigurationList = E48A30DE2CAA744400B839BF /* Build configuration list for PBXNativeTarget "RickAndMortyAPI" */;
			buildPhases = (
				E48A30CC2CAA744200B839BF /* Sources */,
				E48A30CD2CAA744200B839BF /* Frameworks */,
				E48A30CE2CAA744200B839BF /* Resources */,
				E4A2C97A2CB8C3C800C7D29A /* Needle Generator */,
			);
			buildRules = (
			);
			dependencies = (
			);
			name = RickAndMortyAPI;
			packageProductDependencies = (
				E4A2C9732CB8C24F00C7D29A /* NeedleFoundation */,
			);
			productName = RickAndMortyAPI;
			productReference = E48A30D02CAA744200B839BF /* RickAndMortyAPI.app */;
			productType = "com.apple.product-type.application";
		};
/* End PBXNativeTarget section */

/* Begin PBXProject section */
		E48A30C82CAA744200B839BF /* Project object */ = {
			isa = PBXProject;
			attributes = {
				BuildIndependentTargetsInParallel = 1;
				LastSwiftUpdateCheck = 1540;
				LastUpgradeCheck = 1540;
				TargetAttributes = {
					E48A30CF2CAA744200B839BF = {
						CreatedOnToolsVersion = 15.4;
					};
				};
			};
			buildConfigurationList = E48A30CB2CAA744200B839BF /* Build configuration list for PBXProject "RickAndMortyAPI" */;
			compatibilityVersion = "Xcode 14.0";
			developmentRegion = en;
			hasScannedForEncodings = 0;
			knownRegions = (
				en,
				Base,
			);
			mainGroup = E48A30C72CAA744200B839BF;
			packageReferences = (
				E4A2C9722CB8C24E00C7D29A /* XCRemoteSwiftPackageReference "needle" */,
			);
			productRefGroup = E48A30D12CAA744200B839BF /* Products */;
			projectDirPath = "";
			projectRoot = "";
			targets = (
				E48A30CF2CAA744200B839BF /* RickAndMortyAPI */,
			);
		};
/* End PBXProject section */

/* Begin PBXResourcesBuildPhase section */
		E48A30CE2CAA744200B839BF /* Resources */ = {
			isa = PBXResourcesBuildPhase;
			buildActionMask = 2147483647;
			files = (
				E48A30DB2CAA744400B839BF /* Preview Assets.xcassets in Resources */,
				E48A30D82CAA744400B839BF /* Assets.xcassets in Resources */,
			);
			runOnlyForDeploymentPostprocessing = 0;
		};
/* End PBXResourcesBuildPhase section */

/* Begin PBXShellScriptBuildPhase section */
		E4A2C97A2CB8C3C800C7D29A /* Needle Generator */ = {
			isa = PBXShellScriptBuildPhase;
			buildActionMask = 2147483647;
			files = (
			);
			inputFileListPaths = (
			);
			inputPaths = (
			);
			name = "Needle Generator";
			outputFileListPaths = (
			);
			outputPaths = (
			);
			runOnlyForDeploymentPostprocessing = 0;
			shellPath = /bin/sh;
			shellScript = "SOURCEKIT_LOGGING=0 && /opt/homebrew/bin/needle generate RickAndMortyAPI/ui/di/generated/NeedleGenerated.swift RickAndMortyAPI/\n";
		};
/* End PBXShellScriptBuildPhase section */

/* Begin PBXSourcesBuildPhase section */
		E48A30CC2CAA744200B839BF /* Sources */ = {
			isa = PBXSourcesBuildPhase;
			buildActionMask = 2147483647;
			files = (
				E4AF3ACD2CC0A5DF009C2998 /* CharacterAvatarView.swift in Sources */,
				E48A31172CAE3BEB00B839BF /* CharacterInfoItemView.swift in Sources */,
				E4D269D02CB3C39800EACE69 /* PagingScrollView.swift in Sources */,
				E4D269CD2CB3762100EACE69 /* LoggerExtension.swift in Sources */,
				E48A311A2CAF89F400B839BF /* Colors.swift in Sources */,
				E41883FE2CC25A6000CBCBDB /* RefreshableScrollView.swift in Sources */,
				E4AF3AC12CBF95F9009C2998 /* CharacterDetailUI.swift in Sources */,
				E41884002CC6273A00CBCBDB /* CharacterMainViewModel.swift in Sources */,
				E4AF3ABD2CBF40C6009C2998 /* MatchedGeometryEffectIfNotNil.swift in Sources */,
				E48A30FD2CABA8BC00B839BF /* HttpClient.swift in Sources */,
				E48A310D2CACDAC800B839BF /* ErrorAlert.swift in Sources */,
				E48A31072CACC8C900B839BF /* CharacterListScreen.swift in Sources */,
				E4AF3AC42CBF9901009C2998 /* CharacterDetailUIExtensions.swift in Sources */,
				E4D269DA2CB60C5C00EACE69 /* CharacterDetailViewModel.swift in Sources */,
				E48A31112CAD249B00B839BF /* CharacterListScreenState.swift in Sources */,
				E48A30EF2CAB77D500B839BF /* CharacterListViewModel.swift in Sources */,
				E48A30F92CAB82EF00B839BF /* RickAndMortyApi.swift in Sources */,
				E41883FC2CC2369B00CBCBDB /* TitledView.swift in Sources */,
				E48A30FF2CABB73500B839BF /* ViewModel.swift in Sources */,
				E48A30F22CAB80DD00B839BF /* RickAndMortyInteractor.swift in Sources */,
				E4D269DC2CB60C8000EACE69 /* CharacterDetailViewState.swift in Sources */,
				E48A30F72CAB81E200B839BF /* RickAndMortyRepository.swift in Sources */,
				E48A31052CACC7F100B839BF /* Extensions.swift in Sources */,
				E4A2C9892CBDED3300C7D29A /* CharacterMainScreen.swift in Sources */,
				E4A2C9842CB8EB8200C7D29A /* CharacterDetail.swift in Sources */,
				E4A2C97C2CB8C4FE00C7D29A /* NeedleGenerated.swift in Sources */,
				E4AF3ACA2CBFA77C009C2998 /* CharacterListUI.swift in Sources */,
				E4A2C9792CB8C2E100C7D29A /* RootComponent.swift in Sources */,
				E4D269D82CB51F7500EACE69 /* Destination.swift in Sources */,
				E4A2C9802CB8C6F800C7D29A /* DomainComponent.swift in Sources */,
				E4AF3AC82CBF998E009C2998 /* CharacterDetailUIConverters.swift in Sources */,
				E48A30F52CAB811D00B839BF /* CharacterList.swift in Sources */,
				E4A2C9822CB8CA4700C7D29A /* DataComponent.swift in Sources */,
				E4AF3AC62CBF995E009C2998 /* CharacterDetailUISamples.swift in Sources */,
				E4D269CA2CAFA08E00EACE69 /* Dimensions.swift in Sources */,
				E4A2C97E2CB8C6EB00C7D29A /* UiComponent.swift in Sources */,
				E41884032CC6277E00CBCBDB /* CharacterMainScreenState.swift in Sources */,
				E4D269D62CB51F0100EACE69 /* Router.swift in Sources */,
				E48A30D42CAA744200B839BF /* RickAndMortyAPIApp.swift in Sources */,
				E48A310A2CACC99A00B839BF /* AppView.swift in Sources */,
				E4D269D32CB5194D00EACE69 /* CharacterDetailScreen.swift in Sources */,
				E48A31132CAD24E200B839BF /* ViewState.swift in Sources */,
				E48A30FB2CAB8AA900B839BF /* FailureError.swift in Sources */,
				E48A30ED2CAB762200B839BF /* CharacterListResponse.swift in Sources */,
			);
			runOnlyForDeploymentPostprocessing = 0;
		};
/* End PBXSourcesBuildPhase section */

/* Begin XCBuildConfiguration section */
		E48A30DC2CAA744400B839BF /* Debug */ = {
			isa = XCBuildConfiguration;
			buildSettings = {
				ALWAYS_SEARCH_USER_PATHS = NO;
				ASSETCATALOG_COMPILER_GENERATE_SWIFT_ASSET_SYMBOL_EXTENSIONS = YES;
				CLANG_ANALYZER_NONNULL = YES;
				CLANG_ANALYZER_NUMBER_OBJECT_CONVERSION = YES_AGGRESSIVE;
				CLANG_CXX_LANGUAGE_STANDARD = "gnu++20";
				CLANG_ENABLE_MODULES = YES;
				CLANG_ENABLE_OBJC_ARC = YES;
				CLANG_ENABLE_OBJC_WEAK = YES;
				CLANG_WARN_BLOCK_CAPTURE_AUTORELEASING = YES;
				CLANG_WARN_BOOL_CONVERSION = YES;
				CLANG_WARN_COMMA = YES;
				CLANG_WARN_CONSTANT_CONVERSION = YES;
				CLANG_WARN_DEPRECATED_OBJC_IMPLEMENTATIONS = YES;
				CLANG_WARN_DIRECT_OBJC_ISA_USAGE = YES_ERROR;
				CLANG_WARN_DOCUMENTATION_COMMENTS = YES;
				CLANG_WARN_EMPTY_BODY = YES;
				CLANG_WARN_ENUM_CONVERSION = YES;
				CLANG_WARN_INFINITE_RECURSION = YES;
				CLANG_WARN_INT_CONVERSION = YES;
				CLANG_WARN_NON_LITERAL_NULL_CONVERSION = YES;
				CLANG_WARN_OBJC_IMPLICIT_RETAIN_SELF = YES;
				CLANG_WARN_OBJC_LITERAL_CONVERSION = YES;
				CLANG_WARN_OBJC_ROOT_CLASS = YES_ERROR;
				CLANG_WARN_QUOTED_INCLUDE_IN_FRAMEWORK_HEADER = YES;
				CLANG_WARN_RANGE_LOOP_ANALYSIS = YES;
				CLANG_WARN_STRICT_PROTOTYPES = YES;
				CLANG_WARN_SUSPICIOUS_MOVE = YES;
				CLANG_WARN_UNGUARDED_AVAILABILITY = YES_AGGRESSIVE;
				CLANG_WARN_UNREACHABLE_CODE = YES;
				CLANG_WARN__DUPLICATE_METHOD_MATCH = YES;
				COPY_PHASE_STRIP = NO;
				DEBUG_INFORMATION_FORMAT = dwarf;
				ENABLE_STRICT_OBJC_MSGSEND = YES;
				ENABLE_TESTABILITY = YES;
				ENABLE_USER_SCRIPT_SANDBOXING = YES;
				GCC_C_LANGUAGE_STANDARD = gnu17;
				GCC_DYNAMIC_NO_PIC = NO;
				GCC_NO_COMMON_BLOCKS = YES;
				GCC_OPTIMIZATION_LEVEL = 0;
				GCC_PREPROCESSOR_DEFINITIONS = (
					"DEBUG=1",
					"$(inherited)",
				);
				GCC_WARN_64_TO_32_BIT_CONVERSION = YES;
				GCC_WARN_ABOUT_RETURN_TYPE = YES_ERROR;
				GCC_WARN_UNDECLARED_SELECTOR = YES;
				GCC_WARN_UNINITIALIZED_AUTOS = YES_AGGRESSIVE;
				GCC_WARN_UNUSED_FUNCTION = YES;
				GCC_WARN_UNUSED_VARIABLE = YES;
				IPHONEOS_DEPLOYMENT_TARGET = 17.5;
				LOCALIZATION_PREFERS_STRING_CATALOGS = YES;
				MTL_ENABLE_DEBUG_INFO = INCLUDE_SOURCE;
				MTL_FAST_MATH = YES;
				ONLY_ACTIVE_ARCH = YES;
				SDKROOT = iphoneos;
				SWIFT_ACTIVE_COMPILATION_CONDITIONS = "DEBUG $(inherited)";
				SWIFT_OPTIMIZATION_LEVEL = "-Onone";
			};
			name = Debug;
		};
		E48A30DD2CAA744400B839BF /* Release */ = {
			isa = XCBuildConfiguration;
			buildSettings = {
				ALWAYS_SEARCH_USER_PATHS = NO;
				ASSETCATALOG_COMPILER_GENERATE_SWIFT_ASSET_SYMBOL_EXTENSIONS = YES;
				CLANG_ANALYZER_NONNULL = YES;
				CLANG_ANALYZER_NUMBER_OBJECT_CONVERSION = YES_AGGRESSIVE;
				CLANG_CXX_LANGUAGE_STANDARD = "gnu++20";
				CLANG_ENABLE_MODULES = YES;
				CLANG_ENABLE_OBJC_ARC = YES;
				CLANG_ENABLE_OBJC_WEAK = YES;
				CLANG_WARN_BLOCK_CAPTURE_AUTORELEASING = YES;
				CLANG_WARN_BOOL_CONVERSION = YES;
				CLANG_WARN_COMMA = YES;
				CLANG_WARN_CONSTANT_CONVERSION = YES;
				CLANG_WARN_DEPRECATED_OBJC_IMPLEMENTATIONS = YES;
				CLANG_WARN_DIRECT_OBJC_ISA_USAGE = YES_ERROR;
				CLANG_WARN_DOCUMENTATION_COMMENTS = YES;
				CLANG_WARN_EMPTY_BODY = YES;
				CLANG_WARN_ENUM_CONVERSION = YES;
				CLANG_WARN_INFINITE_RECURSION = YES;
				CLANG_WARN_INT_CONVERSION = YES;
				CLANG_WARN_NON_LITERAL_NULL_CONVERSION = YES;
				CLANG_WARN_OBJC_IMPLICIT_RETAIN_SELF = YES;
				CLANG_WARN_OBJC_LITERAL_CONVERSION = YES;
				CLANG_WARN_OBJC_ROOT_CLASS = YES_ERROR;
				CLANG_WARN_QUOTED_INCLUDE_IN_FRAMEWORK_HEADER = YES;
				CLANG_WARN_RANGE_LOOP_ANALYSIS = YES;
				CLANG_WARN_STRICT_PROTOTYPES = YES;
				CLANG_WARN_SUSPICIOUS_MOVE = YES;
				CLANG_WARN_UNGUARDED_AVAILABILITY = YES_AGGRESSIVE;
				CLANG_WARN_UNREACHABLE_CODE = YES;
				CLANG_WARN__DUPLICATE_METHOD_MATCH = YES;
				COPY_PHASE_STRIP = NO;
				DEBUG_INFORMATION_FORMAT = "dwarf-with-dsym";
				ENABLE_NS_ASSERTIONS = NO;
				ENABLE_STRICT_OBJC_MSGSEND = YES;
				ENABLE_USER_SCRIPT_SANDBOXING = YES;
				GCC_C_LANGUAGE_STANDARD = gnu17;
				GCC_NO_COMMON_BLOCKS = YES;
				GCC_WARN_64_TO_32_BIT_CONVERSION = YES;
				GCC_WARN_ABOUT_RETURN_TYPE = YES_ERROR;
				GCC_WARN_UNDECLARED_SELECTOR = YES;
				GCC_WARN_UNINITIALIZED_AUTOS = YES_AGGRESSIVE;
				GCC_WARN_UNUSED_FUNCTION = YES;
				GCC_WARN_UNUSED_VARIABLE = YES;
				IPHONEOS_DEPLOYMENT_TARGET = 17.5;
				LOCALIZATION_PREFERS_STRING_CATALOGS = YES;
				MTL_ENABLE_DEBUG_INFO = NO;
				MTL_FAST_MATH = YES;
				SDKROOT = iphoneos;
				SWIFT_COMPILATION_MODE = wholemodule;
				VALIDATE_PRODUCT = YES;
			};
			name = Release;
		};
		E48A30DF2CAA744400B839BF /* Debug */ = {
			isa = XCBuildConfiguration;
			buildSettings = {
				ASSETCATALOG_COMPILER_APPICON_NAME = AppIcon;
				ASSETCATALOG_COMPILER_GLOBAL_ACCENT_COLOR_NAME = AccentColor;
				CODE_SIGN_STYLE = Automatic;
				CURRENT_PROJECT_VERSION = 1;
				DEVELOPMENT_ASSET_PATHS = "\"RickAndMortyAPI/Preview Content\"";
				ENABLE_PREVIEWS = YES;
				ENABLE_USER_SCRIPT_SANDBOXING = NO;
				GENERATE_INFOPLIST_FILE = YES;
				INFOPLIST_KEY_UIApplicationSceneManifest_Generation = YES;
				INFOPLIST_KEY_UIApplicationSupportsIndirectInputEvents = YES;
				INFOPLIST_KEY_UILaunchScreen_Generation = YES;
				INFOPLIST_KEY_UISupportedInterfaceOrientations_iPad = "UIInterfaceOrientationPortrait UIInterfaceOrientationPortraitUpsideDown UIInterfaceOrientationLandscapeLeft UIInterfaceOrientationLandscapeRight";
				INFOPLIST_KEY_UISupportedInterfaceOrientations_iPhone = "UIInterfaceOrientationPortrait UIInterfaceOrientationLandscapeLeft UIInterfaceOrientationLandscapeRight";
				LD_RUNPATH_SEARCH_PATHS = (
					"$(inherited)",
					"@executable_path/Frameworks",
				);
				MARKETING_VERSION = 1.0;
				PRODUCT_BUNDLE_IDENTIFIER = com.sir.RickAndMortyAPI;
				PRODUCT_NAME = "$(TARGET_NAME)";
				SWIFT_EMIT_LOC_STRINGS = YES;
				SWIFT_VERSION = 5.0;
				TARGETED_DEVICE_FAMILY = "1,2";
			};
			name = Debug;
		};
		E48A30E02CAA744400B839BF /* Release */ = {
			isa = XCBuildConfiguration;
			buildSettings = {
				ASSETCATALOG_COMPILER_APPICON_NAME = AppIcon;
				ASSETCATALOG_COMPILER_GLOBAL_ACCENT_COLOR_NAME = AccentColor;
				CODE_SIGN_STYLE = Automatic;
				CURRENT_PROJECT_VERSION = 1;
				DEVELOPMENT_ASSET_PATHS = "\"RickAndMortyAPI/Preview Content\"";
				ENABLE_PREVIEWS = YES;
				ENABLE_USER_SCRIPT_SANDBOXING = NO;
				GENERATE_INFOPLIST_FILE = YES;
				INFOPLIST_KEY_UIApplicationSceneManifest_Generation = YES;
				INFOPLIST_KEY_UIApplicationSupportsIndirectInputEvents = YES;
				INFOPLIST_KEY_UILaunchScreen_Generation = YES;
				INFOPLIST_KEY_UISupportedInterfaceOrientations_iPad = "UIInterfaceOrientationPortrait UIInterfaceOrientationPortraitUpsideDown UIInterfaceOrientationLandscapeLeft UIInterfaceOrientationLandscapeRight";
				INFOPLIST_KEY_UISupportedInterfaceOrientations_iPhone = "UIInterfaceOrientationPortrait UIInterfaceOrientationLandscapeLeft UIInterfaceOrientationLandscapeRight";
				LD_RUNPATH_SEARCH_PATHS = (
					"$(inherited)",
					"@executable_path/Frameworks",
				);
				MARKETING_VERSION = 1.0;
				PRODUCT_BUNDLE_IDENTIFIER = com.sir.RickAndMortyAPI;
				PRODUCT_NAME = "$(TARGET_NAME)";
				SWIFT_EMIT_LOC_STRINGS = YES;
				SWIFT_VERSION = 5.0;
				TARGETED_DEVICE_FAMILY = "1,2";
			};
			name = Release;
		};
/* End XCBuildConfiguration section */

/* Begin XCConfigurationList section */
		E48A30CB2CAA744200B839BF /* Build configuration list for PBXProject "RickAndMortyAPI" */ = {
			isa = XCConfigurationList;
			buildConfigurations = (
				E48A30DC2CAA744400B839BF /* Debug */,
				E48A30DD2CAA744400B839BF /* Release */,
			);
			defaultConfigurationIsVisible = 0;
			defaultConfigurationName = Release;
		};
		E48A30DE2CAA744400B839BF /* Build configuration list for PBXNativeTarget "RickAndMortyAPI" */ = {
			isa = XCConfigurationList;
			buildConfigurations = (
				E48A30DF2CAA744400B839BF /* Debug */,
				E48A30E02CAA744400B839BF /* Release */,
			);
			defaultConfigurationIsVisible = 0;
			defaultConfigurationName = Release;
		};
/* End XCConfigurationList section */

/* Begin XCRemoteSwiftPackageReference section */
		E4A2C9722CB8C24E00C7D29A /* XCRemoteSwiftPackageReference "needle" */ = {
			isa = XCRemoteSwiftPackageReference;
			repositoryURL = "https://github.com/uber/needle.git";
			requirement = {
				kind = versionRange;
				maximumVersion = 2.0.0;
				minimumVersion = 0.25.0;
			};
		};
/* End XCRemoteSwiftPackageReference section */

/* Begin XCSwiftPackageProductDependency section */
		E4A2C9732CB8C24F00C7D29A /* NeedleFoundation */ = {
			isa = XCSwiftPackageProductDependency;
			package = E4A2C9722CB8C24E00C7D29A /* XCRemoteSwiftPackageReference "needle" */;
			productName = NeedleFoundation;
		};
/* End XCSwiftPackageProductDependency section */
	};
	rootObject = E48A30C82CAA744200B839BF /* Project object */;
}
